# This file is automatically @generated by Poetry 1.8.3 and should not be changed by hand.

[[package]]
name = "mqtt"
version = "0.0.1"
description = "frp NAT."
optional = false
python-versions = "*"
files = [
    {file = "mqtt-0.0.1.tar.gz", hash = "sha256:c670eefc1f9717f5e8c575a7b6f3594a5b6faea34dc6c2badbd9fd99dfbf2ff4"},
]

[[package]]
name = "nats-py"
version = "2.7.2"
description = "NATS client for Python"
optional = false
python-versions = ">=3.7"
files = [
    {file = "nats-py-2.7.2.tar.gz", hash = "sha256:0c97b4a57bed0ef1ff9ae6c19bc115ec7ca8ede5ab3e001fd00a377056a547cf"},
]

[package.extras]
aiohttp = ["aiohttp"]
fast-parse = ["fast-mail-parser"]
nkeys = ["nkeys"]

[[package]]
name = "paho-mqtt"
version = "2.1.0"
description = "MQTT version 5.0/3.1.1 client class"
optional = false
python-versions = ">=3.7"
files = [
    {file = "paho_mqtt-2.1.0-py3-none-any.whl", hash = "sha256:6db9ba9b34ed5bc6b6e3812718c7e06e2fd7444540df2455d2c51bd58808feee"},
    {file = "paho_mqtt-2.1.0.tar.gz", hash = "sha256:12d6e7511d4137555a3f6ea167ae846af2c7357b10bc6fa4f7c3968fc1723834"},
]

[package.extras]
proxy = ["pysocks"]

[metadata]
lock-version = "2.0"
python-versions = "^3.12"
content-hash = "629124ec0a2100dfad82855d2e5e2eb803346d8618443d5c647472c270daef4a"
